
Microsoft Visual Studio Solution File, Format Version 11.00
# Visual C++ Express 2010
Project("{8BC9CEB8-8B4A-11D0-8D11-00A0C91BC942}") = "Archivos", "Archivos\Archivos.vcxproj", "{A289B338-23AB-44CA-AC69-E119AB4FBF10}"
EndProject
Global
	GlobalSection(SolutionConfigurationPlatforms) = preSolution
		Debug|Win32 = Debug|Win32
		Release|Win32 = Release|Win32
	EndGlobalSection
	GlobalSection(ProjectConfigurationPlatforms) = postSolution
		{A289B338-23AB-44CA-AC69-E119AB4FBF10}.Debug|Win32.ActiveCfg = Debug|Win32
		{A289B338-23AB-44CA-AC69-E119AB4FBF10}.Debug|Win32.Build.0 = Debug|Win32
		{A289B338-23AB-44CA-AC69-E119AB4FBF10}.Release|Win32.ActiveCfg = Release|Win32
		{A289B338-23AB-44CA-AC69-E119AB4FBF10}.Release|Win32.Build.0 = Release|Win32
	EndGlobalSection
	GlobalSection(SolutionProperties) = preSolution
		HideSolutionNode = FALSE
	EndGlobalSection
EndGlobal
